// !$*UTF8*$!
{
	archiveVersion = 1;
	classes = {
	};
	objectVersion = 55;
	objects = {

/* Begin PBXBuildFile section */
		7A9EC94327CBE29F00D981D8 /* AppDelegate.swift in Sources */ = {isa = PBXBuildFile; fileRef = 7A9EC94227CBE29F00D981D8 /* AppDelegate.swift */; };
		7A9EC94527CBE29F00D981D8 /* SceneDelegate.swift in Sources */ = {isa = PBXBuildFile; fileRef = 7A9EC94427CBE29F00D981D8 /* SceneDelegate.swift */; };
		7A9EC94727CBE29F00D981D8 /* ViewController.swift in Sources */ = {isa = PBXBuildFile; fileRef = 7A9EC94627CBE29F00D981D8 /* ViewController.swift */; };
		7A9EC94A27CBE29F00D981D8 /* Main.storyboard in Resources */ = {isa = PBXBuildFile; fileRef = 7A9EC94827CBE29F00D981D8 /* Main.storyboard */; };
		7A9EC94C27CBE2A100D981D8 /* Assets.xcassets in Resources */ = {isa = PBXBuildFile; fileRef = 7A9EC94B27CBE2A100D981D8 /* Assets.xcassets */; };
		7A9EC94F27CBE2A100D981D8 /* LaunchScreen.storyboard in Resources */ = {isa = PBXBuildFile; fileRef = 7A9EC94D27CBE2A100D981D8 /* LaunchScreen.storyboard */; };
		D28988EC27D31CE000CB39C1 /* DiaryCell.swift in Sources */ = {isa = PBXBuildFile; fileRef = D28988EB27D31CE000CB39C1 /* DiaryCell.swift */; };
		D28988EE27D31FB500CB39C1 /* StartViewController.swift in Sources */ = {isa = PBXBuildFile; fileRef = D28988ED27D31FB500CB39C1 /* StartViewController.swift */; };
		D28988F027D320F400CB39C1 /* StarCell.swift in Sources */ = {isa = PBXBuildFile; fileRef = D28988EF27D320F400CB39C1 /* StarCell.swift */; };
		D28988F227D3292000CB39C1 /* WriteDiaryViewController.swift in Sources */ = {isa = PBXBuildFile; fileRef = D28988F127D3292000CB39C1 /* WriteDiaryViewController.swift */; };
		D28988F427D3298200CB39C1 /* DiaryDetailViewController.swift in Sources */ = {isa = PBXBuildFile; fileRef = D28988F327D3298200CB39C1 /* DiaryDetailViewController.swift */; };
/* End PBXBuildFile section */

/* Begin PBXFileReference section */
		7A9EC93F27CBE29F00D981D8 /* Proj_Diary.app */ = {isa = PBXFileReference; explicitFileType = wrapper.application; includeInIndex = 0; path = Proj_Diary.app; sourceTree = BUILT_PRODUCTS_DIR; };
		7A9EC94227CBE29F00D981D8 /* AppDelegate.swift */ = {isa = PBXFileReference; lastKnownFileType = sourcecode.swift; path = AppDelegate.swift; sourceTree = "<group>"; };
		7A9EC94427CBE29F00D981D8 /* SceneDelegate.swift */ = {isa = PBXFileReference; lastKnownFileType = sourcecode.swift; path = SceneDelegate.swift; sourceTree = "<group>"; };
		7A9EC94627CBE29F00D981D8 /* ViewController.swift */ = {isa = PBXFileReference; lastKnownFileType = sourcecode.swift; path = ViewController.swift; sourceTree = "<group>"; };
		7A9EC94927CBE29F00D981D8 /* Base */ = {isa = PBXFileReference; lastKnownFileType = file.storyboard; name = Base; path = Base.lproj/Main.storyboard; sourceTree = "<group>"; };
		7A9EC94B27CBE2A100D981D8 /* Assets.xcassets */ = {isa = PBXFileReference; lastKnownFileType = folder.assetcatalog; path = Assets.xcassets; sourceTree = "<group>"; };
		7A9EC94E27CBE2A100D981D8 /* Base */ = {isa = PBXFileReference; lastKnownFileType = file.storyboard; name = Base; path = Base.lproj/LaunchScreen.storyboard; sourceTree = "<group>"; };
		7A9EC95027CBE2A100D981D8 /* Info.plist */ = {isa = PBXFileReference; lastKnownFileType = text.plist.xml; path = Info.plist; sourceTree = "<group>"; };
		D28988EB27D31CE000CB39C1 /* DiaryCell.swift */ = {isa = PBXFileReference; lastKnownFileType = sourcecode.swift; path = DiaryCell.swift; sourceTree = "<group>"; };
		D28988ED27D31FB500CB39C1 /* StartViewController.swift */ = {isa = PBXFileReference; lastKnownFileType = sourcecode.swift; path = StartViewController.swift; sourceTree = "<group>"; };
		D28988EF27D320F400CB39C1 /* StarCell.swift */ = {isa = PBXFileReference; lastKnownFileType = sourcecode.swift; path = StarCell.swift; sourceTree = "<group>"; };
		D28988F127D3292000CB39C1 /* WriteDiaryViewController.swift */ = {isa = PBXFileReference; lastKnownFileType = sourcecode.swift; path = WriteDiaryViewController.swift; sourceTree = "<group>"; };
		D28988F327D3298200CB39C1 /* DiaryDetailViewController.swift */ = {isa = PBXFileReference; lastKnownFileType = sourcecode.swift; path = DiaryDetailViewController.swift; sourceTree = "<group>"; };
/* End PBXFileReference section */

/* Begin PBXFrameworksBuildPhase section */
		7A9EC93C27CBE29F00D981D8 /* Frameworks */ = {
			isa = PBXFrameworksBuildPhase;
			buildActionMask = 2147483647;
			files = (
			);
			runOnlyForDeploymentPostprocessing = 0;
		};
/* End PBXFrameworksBuildPhase section */

/* Begin PBXGroup section */
		7A9EC93627CBE29F00D981D8 = {
			isa = PBXGroup;
			children = (
				7A9EC94127CBE29F00D981D8 /* Proj_Diary */,
				7A9EC94027CBE29F00D981D8 /* Products */,
			);
			sourceTree = "<group>";
		};
		7A9EC94027CBE29F00D981D8 /* Products */ = {
			isa = PBXGroup;
			children = (
				7A9EC93F27CBE29F00D981D8 /* Proj_Diary.app */,
			);
			name = Products;
			sourceTree = "<group>";
		};
		7A9EC94127CBE29F00D981D8 /* Proj_Diary */ = {
			isa = PBXGroup;
			children = (
				7A9EC94227CBE29F00D981D8 /* AppDelegate.swift */,
				7A9EC94427CBE29F00D981D8 /* SceneDelegate.swift */,
				7A9EC94627CBE29F00D981D8 /* ViewController.swift */,
				7A9EC94827CBE29F00D981D8 /* Main.storyboard */,
				7A9EC94B27CBE2A100D981D8 /* Assets.xcassets */,
				7A9EC94D27CBE2A100D981D8 /* LaunchScreen.storyboard */,
				7A9EC95027CBE2A100D981D8 /* Info.plist */,
				D28988EB27D31CE000CB39C1 /* DiaryCell.swift */,
				D28988ED27D31FB500CB39C1 /* StartViewController.swift */,
				D28988EF27D320F400CB39C1 /* StarCell.swift */,
				D28988F127D3292000CB39C1 /* WriteDiaryViewController.swift */,
				D28988F327D3298200CB39C1 /* DiaryDetailViewController.swift */,
			);
			path = Proj_Diary;
			sourceTree = "<group>";
		};
/* End PBXGroup section */

/* Begin PBXNativeTarget section */
		7A9EC93E27CBE29F00D981D8 /* Proj_Diary */ = {
			isa = PBXNativeTarget;
			buildConfigurationList = 7A9EC95327CBE2A100D981D8 /* Build configuration list for PBXNativeTarget "Proj_Diary" */;
			buildPhases = (
				7A9EC93B27CBE29F00D981D8 /* Sources */,
				7A9EC93C27CBE29F00D981D8 /* Frameworks */,
				7A9EC93D27CBE29F00D981D8 /* Resources */,
			);
			buildRules = (
			);
			dependencies = (
			);
			name = Proj_Diary;
			productName = Proj_Diary;
			productReference = 7A9EC93F27CBE29F00D981D8 /* Proj_Diary.app */;
			productType = "com.apple.product-type.application";
		};
/* End PBXNativeTarget section */

/* Begin PBXProject section */
		7A9EC93727CBE29F00D981D8 /* Project object */ = {
			isa = PBXProject;
			attributes = {
				BuildIndependentTargetsInParallel = 1;
				LastSwiftUpdateCheck = 1320;
				LastUpgradeCheck = 1320;
				TargetAttributes = {
					7A9EC93E27CBE29F00D981D8 = {
						CreatedOnToolsVersion = 13.2.1;
					};
				};
			};
			buildConfigurationList = 7A9EC93A27CBE29F00D981D8 /* Build configuration list for PBXProject "Proj_Diary" */;
			compatibilityVersion = "Xcode 13.0";
			developmentRegion = en;
			hasScannedForEncodings = 0;
			knownRegions = (
				en,
				Base,
			);
			mainGroup = 7A9EC93627CBE29F00D981D8;
			productRefGroup = 7A9EC94027CBE29F00D981D8 /* Products */;
			projectDirPath = "";
			projectRoot = "";
			targets = (
				7A9EC93E27CBE29F00D981D8 /* Proj_Diary */,
			);
		};
/* End PBXProject section */

/* Begin PBXResourcesBuildPhase section */
		7A9EC93D27CBE29F00D981D8 /* Resources */ = {
			isa = PBXResourcesBuildPhase;
			buildActionMask = 2147483647;
			files = (
				7A9EC94F27CBE2A100D981D8 /* LaunchScreen.storyboard in Resources */,
				7A9EC94C27CBE2A100D981D8 /* Assets.xcassets in Resources */,
				7A9EC94A27CBE29F00D981D8 /* Main.storyboard in Resources */,
			);
			runOnlyForDeploymentPostprocessing = 0;
		};
/* End PBXResourcesBuildPhase section */

/* Begin PBXSourcesBuildPhase section */
		7A9EC93B27CBE29F00D981D8 /* Sources */ = {
			isa = PBXSourcesBuildPhase;
			buildActionMask = 2147483647;
			files = (
				D28988EE27D31FB500CB39C1 /* StartViewController.swift in Sources */,
				D28988F227D3292000CB39C1 /* WriteDiaryViewController.swift in Sources */,
				D28988F027D320F400CB39C1 /* StarCell.swift in Sources */,
				7A9EC94727CBE29F00D981D8 /* ViewController.swift in Sources */,
				7A9EC94327CBE29F00D981D8 /* AppDelegate.swift in Sources */,
				D28988F427D3298200CB39C1 /* DiaryDetailViewController.swift in Sources */,
				7A9EC94527CBE29F00D981D8 /* SceneDelegate.swift in Sources */,
				D28988EC27D31CE000CB39C1 /* DiaryCell.swift in Sources */,
			);
			runOnlyForDeploymentPostprocessing = 0;
		};
/* End PBXSourcesBuildPhase section */

/* Begin PBXVariantGroup section */
		7A9EC94827CBE29F00D981D8 /* Main.storyboard */ = {
			isa = PBXVariantGroup;
			children = (
				7A9EC94927CBE29F00D981D8 /* Base */,
			);
			name = Main.storyboard;
			sourceTree = "<group>";
		};
		7A9EC94D27CBE2A100D981D8 /* LaunchScreen.storyboard */ = {
			isa = PBXVariantGroup;
			children = (
				7A9EC94E27CBE2A100D981D8 /* Base */,
			);
			name = LaunchScreen.storyboard;
			sourceTree = "<group>";
		};
/* End PBXVariantGroup section */

/* Begin XCBuildConfiguration section */
		7A9EC95127CBE2A100D981D8 /* Debug */ = {
			isa = XCBuildConfiguration;
			buildSettings = {
				ALWAYS_SEARCH_USER_PATHS = NO;
				CLANG_ANALYZER_NONNULL = YES;
				CLANG_ANALYZER_NUMBER_OBJECT_CONVERSION = YES_AGGRESSIVE;
				CLANG_CXX_LANGUAGE_STANDARD = "gnu++17";
				CLANG_CXX_LIBRARY = "libc++";
				CLANG_ENABLE_MODULES = YES;
				CLANG_ENABLE_OBJC_ARC = YES;
				CLANG_ENABLE_OBJC_WEAK = YES;
				CLANG_WARN_BLOCK_CAPTURE_AUTORELEASING = YES;
				CLANG_WARN_BOOL_CONVERSION = YES;
				CLANG_WARN_COMMA = YES;
				CLANG_WARN_CONSTANT_CONVERSION = YES;
				CLANG_WARN_DEPRECATED_OBJC_IMPLEMENTATIONS = YES;
				CLANG_WARN_DIRECT_OBJC_ISA_USAGE = YES_ERROR;
				CLANG_WARN_DOCUMENTATION_COMMENTS = YES;
				CLANG_WARN_EMPTY_BODY = YES;
				CLANG_WARN_ENUM_CONVERSION = YES;
				CLANG_WARN_INFINITE_RECURSION = YES;
				CLANG_WARN_INT_CONVERSION = YES;
				CLANG_WARN_NON_LITERAL_NULL_CONVERSION = YES;
				CLANG_WARN_OBJC_IMPLICIT_RETAIN_SELF = YES;
				CLANG_WARN_OBJC_LITERAL_CONVERSION = YES;
				CLANG_WARN_OBJC_ROOT_CLASS = YES_ERROR;
				CLANG_WARN_QUOTED_INCLUDE_IN_FRAMEWORK_HEADER = YES;
				CLANG_WARN_RANGE_LOOP_ANALYSIS = YES;
				CLANG_WARN_STRICT_PROTOTYPES = YES;
				CLANG_WARN_SUSPICIOUS_MOVE = YES;
				CLANG_WARN_UNGUARDED_AVAILABILITY = YES_AGGRESSIVE;
				CLANG_WARN_UNREACHABLE_CODE = YES;
				CLANG_WARN__DUPLICATE_METHOD_MATCH = YES;
				COPY_PHASE_STRIP = NO;
				DEBUG_INFORMATION_FORMAT = dwarf;
				ENABLE_STRICT_OBJC_MSGSEND = YES;
				ENABLE_TESTABILITY = YES;
				GCC_C_LANGUAGE_STANDARD = gnu11;
				GCC_DYNAMIC_NO_PIC = NO;
				GCC_NO_COMMON_BLOCKS = YES;
				GCC_OPTIMIZATION_LEVEL = 0;
				GCC_PREPROCESSOR_DEFINITIONS = (
					"DEBUG=1",
					"$(inherited)",
				);
				GCC_WARN_64_TO_32_BIT_CONVERSION = YES;
				GCC_WARN_ABOUT_RETURN_TYPE = YES_ERROR;
				GCC_WARN_UNDECLARED_SELECTOR = YES;
				GCC_WARN_UNINITIALIZED_AUTOS = YES_AGGRESSIVE;
				GCC_WARN_UNUSED_FUNCTION = YES;
				GCC_WARN_UNUSED_VARIABLE = YES;
				IPHONEOS_DEPLOYMENT_TARGET = 15.2;
				MTL_ENABLE_DEBUG_INFO = INCLUDE_SOURCE;
				MTL_FAST_MATH = YES;
				ONLY_ACTIVE_ARCH = YES;
				SDKROOT = iphoneos;
				SWIFT_ACTIVE_COMPILATION_CONDITIONS = DEBUG;
				SWIFT_OPTIMIZATION_LEVEL = "-Onone";
			};
			name = Debug;
		};
		7A9EC95227CBE2A100D981D8 /* Release */ = {
			isa = XCBuildConfiguration;
			buildSettings = {
				ALWAYS_SEARCH_USER_PATHS = NO;
				CLANG_ANALYZER_NONNULL = YES;
				CLANG_ANALYZER_NUMBER_OBJECT_CONVERSION = YES_AGGRESSIVE;
				CLANG_CXX_LANGUAGE_STANDARD = "gnu++17";
				CLANG_CXX_LIBRARY = "libc++";
				CLANG_ENABLE_MODULES = YES;
				CLANG_ENABLE_OBJC_ARC = YES;
				CLANG_ENABLE_OBJC_WEAK = YES;
				CLANG_WARN_BLOCK_CAPTURE_AUTORELEASING = YES;
				CLANG_WARN_BOOL_CONVERSION = YES;
				CLANG_WARN_COMMA = YES;
				CLANG_WARN_CONSTANT_CONVERSION = YES;
				CLANG_WARN_DEPRECATED_OBJC_IMPLEMENTATIONS = YES;
				CLANG_WARN_DIRECT_OBJC_ISA_USAGE = YES_ERROR;
				CLANG_WARN_DOCUMENTATION_COMMENTS = YES;
				CLANG_WARN_EMPTY_BODY = YES;
				CLANG_WARN_ENUM_CONVERSION = YES;
				CLANG_WARN_INFINITE_RECURSION = YES;
				CLANG_WARN_INT_CONVERSION = YES;
				CLANG_WARN_NON_LITERAL_NULL_CONVERSION = YES;
				CLANG_WARN_OBJC_IMPLICIT_RETAIN_SELF = YES;
				CLANG_WARN_OBJC_LITERAL_CONVERSION = YES;
				CLANG_WARN_OBJC_ROOT_CLASS = YES_ERROR;
				CLANG_WARN_QUOTED_INCLUDE_IN_FRAMEWORK_HEADER = YES;
				CLANG_WARN_RANGE_LOOP_ANALYSIS = YES;
				CLANG_WARN_STRICT_PROTOTYPES = YES;
				CLANG_WARN_SUSPICIOUS_MOVE = YES;
				CLANG_WARN_UNGUARDED_AVAILABILITY = YES_AGGRESSIVE;
				CLANG_WARN_UNREACHABLE_CODE = YES;
				CLANG_WARN__DUPLICATE_METHOD_MATCH = YES;
				COPY_PHASE_STRIP = NO;
				DEBUG_INFORMATION_FORMAT = "dwarf-with-dsym";
				ENABLE_NS_ASSERTIONS = NO;
				ENABLE_STRICT_OBJC_MSGSEND = YES;
				GCC_C_LANGUAGE_STANDARD = gnu11;
				GCC_NO_COMMON_BLOCKS = YES;
				GCC_WARN_64_TO_32_BIT_CONVERSION = YES;
				GCC_WARN_ABOUT_RETURN_TYPE = YES_ERROR;
				GCC_WARN_UNDECLARED_SELECTOR = YES;
				GCC_WARN_UNINITIALIZED_AUTOS = YES_AGGRESSIVE;
				GCC_WARN_UNUSED_FUNCTION = YES;
				GCC_WARN_UNUSED_VARIABLE = YES;
				IPHONEOS_DEPLOYMENT_TARGET = 15.2;
				MTL_ENABLE_DEBUG_INFO = NO;
				MTL_FAST_MATH = YES;
				SDKROOT = iphoneos;
				SWIFT_COMPILATION_MODE = wholemodule;
				SWIFT_OPTIMIZATION_LEVEL = "-O";
				VALIDATE_PRODUCT = YES;
			};
			name = Release;
		};
		7A9EC95427CBE2A100D981D8 /* Debug */ = {
			isa = XCBuildConfiguration;
			buildSettings = {
				ASSETCATALOG_COMPILER_APPICON_NAME = AppIcon;
				ASSETCATALOG_COMPILER_GLOBAL_ACCENT_COLOR_NAME = AccentColor;
				CODE_SIGN_STYLE = Automatic;
				CURRENT_PROJECT_VERSION = 1;
				DEVELOPMENT_TEAM = LQMLBH5HYT;
				GENERATE_INFOPLIST_FILE = YES;
				INFOPLIST_FILE = Proj_Diary/Info.plist;
				INFOPLIST_KEY_UIApplicationSupportsIndirectInputEvents = YES;
				INFOPLIST_KEY_UILaunchStoryboardName = LaunchScreen;
				INFOPLIST_KEY_UIMainStoryboardFile = Main;
				INFOPLIST_KEY_UISupportedInterfaceOrientations_iPad = "UIInterfaceOrientationPortrait UIInterfaceOrientationPortraitUpsideDown UIInterfaceOrientationLandscapeLeft UIInterfaceOrientationLandscapeRight";
				INFOPLIST_KEY_UISupportedInterfaceOrientations_iPhone = "UIInterfaceOrientationPortrait UIInterfaceOrientationLandscapeLeft UIInterfaceOrientationLandscapeRight";
				LD_RUNPATH_SEARCH_PATHS = (
					"$(inherited)",
					"@executable_path/Frameworks",
				);
				MARKETING_VERSION = 1.0;
				PRODUCT_BUNDLE_IDENTIFIER = "com.amigo.Proj-Diary";
				PRODUCT_NAME = "$(TARGET_NAME)";
				SWIFT_EMIT_LOC_STRINGS = YES;
				SWIFT_VERSION = 5.0;
				TARGETED_DEVICE_FAMILY = "1,2";
			};
			name = Debug;
		};
		7A9EC95527CBE2A100D981D8 /* Release */ = {
			isa = XCBuildConfiguration;
			buildSettings = {
				ASSETCATALOG_COMPILER_APPICON_NAME = AppIcon;
				ASSETCATALOG_COMPILER_GLOBAL_ACCENT_COLOR_NAME = AccentColor;
				CODE_SIGN_STYLE = Automatic;
				CURRENT_PROJECT_VERSION = 1;
				DEVELOPMENT_TEAM = LQMLBH5HYT;
				GENERATE_INFOPLIST_FILE = YES;
				INFOPLIST_FILE = Proj_Diary/Info.plist;
				INFOPLIST_KEY_UIApplicationSupportsIndirectInputEvents = YES;
				INFOPLIST_KEY_UILaunchStoryboardName = LaunchScreen;
				INFOPLIST_KEY_UIMainStoryboardFile = Main;
				INFOPLIST_KEY_UISupportedInterfaceOrientations_iPad = "UIInterfaceOrientationPortrait UIInterfaceOrientationPortraitUpsideDown UIInterfaceOrientationLandscapeLeft UIInterfaceOrientationLandscapeRight";
				INFOPLIST_KEY_UISupportedInterfaceOrientations_iPhone = "UIInterfaceOrientationPortrait UIInterfaceOrientationLandscapeLeft UIInterfaceOrientationLandscapeRight";
				LD_RUNPATH_SEARCH_PATHS = (
					"$(inherited)",
					"@executable_path/Frameworks",
				);
				MARKETING_VERSION = 1.0;
				PRODUCT_BUNDLE_IDENTIFIER = "com.amigo.Proj-Diary";
				PRODUCT_NAME = "$(TARGET_NAME)";
				SWIFT_EMIT_LOC_STRINGS = YES;
				SWIFT_VERSION = 5.0;
				TARGETED_DEVICE_FAMILY = "1,2";
			};
			name = Release;
		};
/* End XCBuildConfiguration section */

/* Begin XCConfigurationList section */
		7A9EC93A27CBE29F00D981D8 /* Build configuration list for PBXProject "Proj_Diary" */ = {
			isa = XCConfigurationList;
			buildConfigurations = (
				7A9EC95127CBE2A100D981D8 /* Debug */,
				7A9EC95227CBE2A100D981D8 /* Release */,
			);
			defaultConfigurationIsVisible = 0;
			defaultConfigurationName = Release;
		};
		7A9EC95327CBE2A100D981D8 /* Build configuration list for PBXNativeTarget "Proj_Diary" */ = {
			isa = XCConfigurationList;
			buildConfigurations = (
				7A9EC95427CBE2A100D981D8 /* Debug */,
				7A9EC95527CBE2A100D981D8 /* Release */,
			);
			defaultConfigurationIsVisible = 0;
			defaultConfigurationName = Release;
		};
/* End XCConfigurationList section */
	};
	rootObject = 7A9EC93727CBE29F00D981D8 /* Project object */;
}
